
Microsoft Visual Studio Solution File, Format Version 12.00
# Visual Studio 15
Project("{FAE04EC0-301F-11D3-BF4B-00C04F79EFBC}") = "UnityEngine.TestRunner", "UnityEngine.TestRunner.csproj", "{8B0F4D4E-43A6-C0A0-91B5-467AA59ED9AE}"
EndProject
Project("{FAE04EC0-301F-11D3-BF4B-00C04F79EFBC}") = "Unity.VisualScripting.Flow", "Unity.VisualScripting.Flow.csproj", "{CD9E6222-32F8-C413-8726-974267FA5B03}"
EndProject
Project("{FAE04EC0-301F-11D3-BF4B-00C04F79EFBC}") = "Unity.Mathematics", "Unity.Mathematics.csproj", "{5B9BB6CD-1B81-DB94-4708-DEE65A630A13}"
EndProject
Project("{FAE04EC0-301F-11D3-BF4B-00C04F79EFBC}") = "Unity.InputSystem", "Unity.InputSystem.csproj", "{665B0C8B-A043-9829-224C-A41AA6CC19E8}"
EndProject
Project("{FAE04EC0-301F-11D3-BF4B-00C04F79EFBC}") = "Unity.VisualScripting.State", "Unity.VisualScripting.State.csproj", "{0EDEB779-5ADF-C771-827E-A7C597FBAC50}"
EndProject
Project("{FAE04EC0-301F-11D3-BF4B-00C04F79EFBC}") = "Unity.VisualScripting.Core", "Unity.VisualScripting.Core.csproj", "{6710C441-EB38-A45D-A919-A13E627FB0B3}"
EndProject
Project("{FAE04EC0-301F-11D3-BF4B-00C04F79EFBC}") = "AstarPathfindingProject", "AstarPathfindingProject.csproj", "{A1B469BD-ECFF-809C-ED35-FB4A5BF970D2}"
EndProject
Project("{FAE04EC0-301F-11D3-BF4B-00C04F79EFBC}") = "Unity.Burst", "Unity.Burst.csproj", "{B699282A-DA55-2BC2-5029-4D2FDD0A88B3}"
EndProject
Project("{FAE04EC0-301F-11D3-BF4B-00C04F79EFBC}") = "Unity.2D.Animation.Runtime", "Unity.2D.Animation.Runtime.csproj", "{1301E33C-4C92-78EE-A41D-C8271B93B043}"
EndProject
Project("{FAE04EC0-301F-11D3-BF4B-00C04F79EFBC}") = "Unity.TextMeshPro", "Unity.TextMeshPro.csproj", "{4B17CA69-82F9-6205-52B3-CA5AE27AD6F1}"
EndProject
Project("{FAE04EC0-301F-11D3-BF4B-00C04F79EFBC}") = "Cinemachine", "Cinemachine.csproj", "{2EDFB15F-3C00-2AE1-B7F9-4BD8053701D4}"
EndProject
Project("{FAE04EC0-301F-11D3-BF4B-00C04F79EFBC}") = "Unity.Timeline", "Unity.Timeline.csproj", "{BFF774F4-2111-5DEF-D41F-3685EB34785E}"
EndProject
Project("{FAE04EC0-301F-11D3-BF4B-00C04F79EFBC}") = "Unity.InputSystem.ForUI", "Unity.InputSystem.ForUI.csproj", "{8A727138-6F75-6077-4DB9-FC4B935D40C7}"
EndProject
Project("{FAE04EC0-301F-11D3-BF4B-00C04F79EFBC}") = "Unity.2D.SpriteShape.Runtime", "Unity.2D.SpriteShape.Runtime.csproj", "{3176597A-D4F7-814F-99D1-1FB94692A55B}"
EndProject
Project("{FAE04EC0-301F-11D3-BF4B-00C04F79EFBC}") = "Unity.2D.PixelPerfect", "Unity.2D.PixelPerfect.csproj", "{26A93607-B1A0-82FC-A76C-D4DEFD72790B}"
EndProject
Project("{FAE04EC0-301F-11D3-BF4B-00C04F79EFBC}") = "Unity.2D.Common.Runtime", "Unity.2D.Common.Runtime.csproj", "{6DBD2DCE-A2D8-ED7B-7FF8-2BFD95502DB3}"
EndProject
Project("{FAE04EC0-301F-11D3-BF4B-00C04F79EFBC}") = "Unity.2D.IK.Runtime", "Unity.2D.IK.Runtime.csproj", "{A657C447-ABDB-F93F-B79F-B2A622C92978}"
EndProject
Project("{FAE04EC0-301F-11D3-BF4B-00C04F79EFBC}") = "Unity.2D.Tilemap.Extras", "Unity.2D.Tilemap.Extras.csproj", "{E67EF55E-A3A1-8CD1-78C7-41484E3811ED}"
EndProject
Project("{FAE04EC0-301F-11D3-BF4B-00C04F79EFBC}") = "Assembly-CSharp", "Assembly-CSharp.csproj", "{07B2FC7A-4ECE-BA02-B4E1-4B319AE95571}"
EndProject
Project("{FAE04EC0-301F-11D3-BF4B-00C04F79EFBC}") = "Unity.InputSystem.TestFramework", "Unity.InputSystem.TestFramework.csproj", "{0D697A0F-6A45-8E4F-6269-0DF7AA0FDFE4}"
EndProject
Project("{FAE04EC0-301F-11D3-BF4B-00C04F79EFBC}") = "Unity.InternalAPIEngineBridge.001", "Unity.InternalAPIEngineBridge.001.csproj", "{945D7E66-0F95-391F-F563-4A2784FB8324}"
EndProject
Project("{FAE04EC0-301F-11D3-BF4B-00C04F79EFBC}") = "Unity.PlasticSCM.Editor", "Unity.PlasticSCM.Editor.csproj", "{96274B6A-DD5C-209C-6576-60113BF73728}"
EndProject
Project("{FAE04EC0-301F-11D3-BF4B-00C04F79EFBC}") = "Unity.VisualScripting.Core.Editor", "Unity.VisualScripting.Core.Editor.csproj", "{E1E9554E-0F24-A1AE-3ACA-11D270559653}"
EndProject
Project("{FAE04EC0-301F-11D3-BF4B-00C04F79EFBC}") = "Unity.VisualScripting.Flow.Editor", "Unity.VisualScripting.Flow.Editor.csproj", "{9A2CFD46-765E-C7DD-233B-BEF74C3F8979}"
EndProject
Project("{FAE04EC0-301F-11D3-BF4B-00C04F79EFBC}") = "Unity.2D.Aseprite.Editor", "Unity.2D.Aseprite.Editor.csproj", "{39278520-31C5-5663-CF45-9C536ADEF867}"
EndProject
Project("{FAE04EC0-301F-11D3-BF4B-00C04F79EFBC}") = "Unity.VisualStudio.Editor", "Unity.VisualStudio.Editor.csproj", "{93DD231F-47EB-D2C6-121C-314484A1A8E3}"
EndProject
Project("{FAE04EC0-301F-11D3-BF4B-00C04F79EFBC}") = "Unity.Timeline.Editor", "Unity.Timeline.Editor.csproj", "{DC34C431-2FAC-FC30-73BF-6FFCE6E324FF}"
EndProject
Project("{FAE04EC0-301F-11D3-BF4B-00C04F79EFBC}") = "com.unity.cinemachine.editor", "com.unity.cinemachine.editor.csproj", "{387CE195-EDA1-67E8-046E-53DB627CBAAB}"
EndProject
Project("{FAE04EC0-301F-11D3-BF4B-00C04F79EFBC}") = "Unity.VisualScripting.State.Editor", "Unity.VisualScripting.State.Editor.csproj", "{2932654C-28E6-FCD1-77CD-3BC5F7A89D42}"
EndProject
Project("{FAE04EC0-301F-11D3-BF4B-00C04F79EFBC}") = "Unity.TextMeshPro.Editor", "Unity.TextMeshPro.Editor.csproj", "{D8777343-459F-4E59-C503-2ECF881EF7C4}"
EndProject
Project("{FAE04EC0-301F-11D3-BF4B-00C04F79EFBC}") = "Unity.2D.PixelPerfect.Editor", "Unity.2D.PixelPerfect.Editor.csproj", "{79DBB664-2809-7DBA-6892-CBD86DBB4E2F}"
EndProject
Project("{FAE04EC0-301F-11D3-BF4B-00C04F79EFBC}") = "Unity.2D.Animation.Editor", "Unity.2D.Animation.Editor.csproj", "{B1658680-B822-D00D-506B-12172CA9D6EC}"
EndProject
Project("{FAE04EC0-301F-11D3-BF4B-00C04F79EFBC}") = "Unity.VisualScripting.SettingsProvider.Editor", "Unity.VisualScripting.SettingsProvider.Editor.csproj", "{E6A3C510-441A-6DFE-1647-8136A754A6FC}"
EndProject
Project("{FAE04EC0-301F-11D3-BF4B-00C04F79EFBC}") = "Unity.2D.Psdimporter.Editor", "Unity.2D.Psdimporter.Editor.csproj", "{0764C6E5-A407-2901-4515-68A2E8771E97}"
EndProject
Project("{FAE04EC0-301F-11D3-BF4B-00C04F79EFBC}") = "UnityEditor.TestRunner", "UnityEditor.TestRunner.csproj", "{6EF6809B-BE51-6D5D-8AFA-1ACCE2F8E71E}"
EndProject
Project("{FAE04EC0-301F-11D3-BF4B-00C04F79EFBC}") = "Unity.Rider.Editor", "Unity.Rider.Editor.csproj", "{A3A23A9B-71A1-6D5D-136C-0BFE08389B0F}"
EndProject
Project("{FAE04EC0-301F-11D3-BF4B-00C04F79EFBC}") = "Unity.2D.Path.Editor", "Unity.2D.Path.Editor.csproj", "{EF4BE9C1-4499-82DD-06CF-1C60EA2CACF5}"
EndProject
Project("{FAE04EC0-301F-11D3-BF4B-00C04F79EFBC}") = "PsdPlugin", "PsdPlugin.csproj", "{033C7567-F6B9-8FC1-93E3-D0F906F1A6CC}"
EndProject
Project("{FAE04EC0-301F-11D3-BF4B-00C04F79EFBC}") = "Unity.2D.IK.Editor", "Unity.2D.IK.Editor.csproj", "{3BB69833-0F1A-BEC6-E574-D31BAEAF639C}"
EndProject
Project("{FAE04EC0-301F-11D3-BF4B-00C04F79EFBC}") = "Unity.2D.SpriteShape.Editor", "Unity.2D.SpriteShape.Editor.csproj", "{963DED97-D2D6-94C4-0370-012E69504587}"
EndProject
Project("{FAE04EC0-301F-11D3-BF4B-00C04F79EFBC}") = "Meryel.CodeAssist.Editor", "Meryel.CodeAssist.Editor.csproj", "{F6CF6D32-4370-8B28-0FCB-A1258CCA93F3}"
EndProject
Project("{FAE04EC0-301F-11D3-BF4B-00C04F79EFBC}") = "Unity.Burst.CodeGen", "Unity.Burst.CodeGen.csproj", "{CDBFB8CD-C73F-B9CD-3A2D-D83CF0915BFB}"
EndProject
Project("{FAE04EC0-301F-11D3-BF4B-00C04F79EFBC}") = "Unity.VSCode.Editor", "Unity.VSCode.Editor.csproj", "{3EC196B4-DC53-3423-688B-4AFF6C3CCE14}"
EndProject
Project("{FAE04EC0-301F-11D3-BF4B-00C04F79EFBC}") = "AstarPathfindingProjectEditor", "AstarPathfindingProjectEditor.csproj", "{F8C0EFEC-4EF4-4FC3-848F-1FC5E325C58D}"
EndProject
Project("{FAE04EC0-301F-11D3-BF4B-00C04F79EFBC}") = "Unity.2D.Common.Editor", "Unity.2D.Common.Editor.csproj", "{B9466413-CEDD-8B00-A520-D5C561686EA6}"
EndProject
Project("{FAE04EC0-301F-11D3-BF4B-00C04F79EFBC}") = "Unity.CollabProxy.Editor", "Unity.CollabProxy.Editor.csproj", "{3E21502C-1B29-B435-DFE1-0D2B42BA73EE}"
EndProject
Project("{FAE04EC0-301F-11D3-BF4B-00C04F79EFBC}") = "Unity.Mathematics.Editor", "Unity.Mathematics.Editor.csproj", "{A9CFA6B7-B80E-1588-F932-47E182D033D3}"
EndProject
Project("{FAE04EC0-301F-11D3-BF4B-00C04F79EFBC}") = "Unity.InternalAPIEditorBridge.005", "Unity.InternalAPIEditorBridge.005.csproj", "{1A4B4C42-7C68-1B43-D5B1-40B728CA2431}"
EndProject
Project("{FAE04EC0-301F-11D3-BF4B-00C04F79EFBC}") = "Unity.2D.Tilemap.Extras.Editor", "Unity.2D.Tilemap.Extras.Editor.csproj", "{30D91E65-9952-192B-2D7B-423C10EF1686}"
EndProject
Project("{FAE04EC0-301F-11D3-BF4B-00C04F79EFBC}") = "Unity.Burst.Editor", "Unity.Burst.Editor.csproj", "{7C98E596-BCF3-0160-9FC0-2467535ED3FC}"
EndProject
Project("{FAE04EC0-301F-11D3-BF4B-00C04F79EFBC}") = "PackageToolsEditor", "PackageToolsEditor.csproj", "{9E68E2EC-50FB-3EB4-C2AE-502114C273F0}"
EndProject
Project("{FAE04EC0-301F-11D3-BF4B-00C04F79EFBC}") = "Unity.InternalAPIEditorBridge.001", "Unity.InternalAPIEditorBridge.001.csproj", "{E7E18CAE-7222-C267-563E-5DA8ED4C1B32}"
EndProject
Project("{FAE04EC0-301F-11D3-BF4B-00C04F79EFBC}") = "Unity.VisualScripting.Shared.Editor", "Unity.VisualScripting.Shared.Editor.csproj", "{871FA4CE-C795-EA88-0F06-BB8027B5AE22}"
EndProject
Project("{FAE04EC0-301F-11D3-BF4B-00C04F79EFBC}") = "Unity.2D.Aseprite.Common", "Unity.2D.Aseprite.Common.csproj", "{2C850058-CBC3-B12B-1CDF-4B836FBFD904}"
EndProject
Project("{FAE04EC0-301F-11D3-BF4B-00C04F79EFBC}") = "UnityEngine.TestRunner", "UnityEngine.TestRunner.Player.csproj", "{FBAF162B-D589-1022-7683-4145FF4E49C8}"
EndProject
Project("{FAE04EC0-301F-11D3-BF4B-00C04F79EFBC}") = "Unity.VisualScripting.Flow", "Unity.VisualScripting.Flow.Player.csproj", "{1A6A511D-03E0-CD1D-C7DC-81FE7A537913}"
EndProject
Project("{FAE04EC0-301F-11D3-BF4B-00C04F79EFBC}") = "Unity.Mathematics", "Unity.Mathematics.Player.csproj", "{F709CEA3-6FE8-0097-7DF7-6386D6E7A7B2}"
EndProject
Project("{FAE04EC0-301F-11D3-BF4B-00C04F79EFBC}") = "Unity.InputSystem", "Unity.InputSystem.Player.csproj", "{31687B38-6B2D-C64F-53FC-711DB85F53A7}"
EndProject
Project("{FAE04EC0-301F-11D3-BF4B-00C04F79EFBC}") = "Unity.VisualScripting.State", "Unity.VisualScripting.State.Player.csproj", "{1B0F6830-BFD9-012E-1DF8-DC3E7932DE4E}"
EndProject
Project("{FAE04EC0-301F-11D3-BF4B-00C04F79EFBC}") = "Unity.VisualScripting.Core", "Unity.VisualScripting.Core.Player.csproj", "{2AD5CAC7-FB8B-0C6C-F55E-47ABFF4D645E}"
EndProject
Project("{FAE04EC0-301F-11D3-BF4B-00C04F79EFBC}") = "AstarPathfindingProject", "AstarPathfindingProject.Player.csproj", "{CD5BB672-BB4A-1287-BA1F-43542D7A9886}"
EndProject
Project("{FAE04EC0-301F-11D3-BF4B-00C04F79EFBC}") = "Unity.Burst", "Unity.Burst.Player.csproj", "{0C48BD13-F47E-EFAB-BC51-C67E1F08EF6F}"
EndProject
Project("{FAE04EC0-301F-11D3-BF4B-00C04F79EFBC}") = "Unity.2D.Animation.Runtime", "Unity.2D.Animation.Runtime.Player.csproj", "{335EE9A5-63C4-F12C-3772-AA6BCF35F0F8}"
EndProject
Project("{FAE04EC0-301F-11D3-BF4B-00C04F79EFBC}") = "Unity.TextMeshPro", "Unity.TextMeshPro.Player.csproj", "{2084DEDC-AE6D-B9A4-0EF4-517502A72206}"
EndProject
Project("{FAE04EC0-301F-11D3-BF4B-00C04F79EFBC}") = "Cinemachine", "Cinemachine.Player.csproj", "{5D93362B-3338-852A-6392-EB6F4E77B9D6}"
EndProject
Project("{FAE04EC0-301F-11D3-BF4B-00C04F79EFBC}") = "Unity.Timeline", "Unity.Timeline.Player.csproj", "{F8B6E26D-8851-1B9D-E216-EF249EA7983A}"
EndProject
Project("{FAE04EC0-301F-11D3-BF4B-00C04F79EFBC}") = "Unity.InputSystem.ForUI", "Unity.InputSystem.ForUI.Player.csproj", "{3D5C0508-2445-09B2-9F8C-685F87C9DCBA}"
EndProject
Project("{FAE04EC0-301F-11D3-BF4B-00C04F79EFBC}") = "Unity.2D.SpriteShape.Runtime", "Unity.2D.SpriteShape.Runtime.Player.csproj", "{D5EFF2A2-131C-25B1-6DC8-41414C509F15}"
EndProject
Project("{FAE04EC0-301F-11D3-BF4B-00C04F79EFBC}") = "Unity.2D.PixelPerfect", "Unity.2D.PixelPerfect.Player.csproj", "{3537AEAA-E1B0-BE99-C287-BEF733052440}"
EndProject
Project("{FAE04EC0-301F-11D3-BF4B-00C04F79EFBC}") = "Unity.2D.Common.Runtime", "Unity.2D.Common.Runtime.Player.csproj", "{C997A2E8-132C-6B24-0075-80B411B6FA1D}"
EndProject
Project("{FAE04EC0-301F-11D3-BF4B-00C04F79EFBC}") = "Unity.2D.IK.Runtime", "Unity.2D.IK.Runtime.Player.csproj", "{FC3D708B-2050-A6FC-06E9-979C1B118924}"
EndProject
Project("{FAE04EC0-301F-11D3-BF4B-00C04F79EFBC}") = "Unity.2D.Tilemap.Extras", "Unity.2D.Tilemap.Extras.Player.csproj", "{28C3DEA3-3E52-9EBF-0FBD-30B96888EBD8}"
EndProject
Project("{FAE04EC0-301F-11D3-BF4B-00C04F79EFBC}") = "Assembly-CSharp", "Assembly-CSharp.Player.csproj", "{5EBE9970-BF3F-4FFF-5F77-E336D9C322B8}"
EndProject
Project("{FAE04EC0-301F-11D3-BF4B-00C04F79EFBC}") = "Unity.InputSystem.TestFramework", "Unity.InputSystem.TestFramework.Player.csproj", "{BA0BB2F1-59E4-790A-2508-5DBF14D85BAB}"
EndProject
Project("{FAE04EC0-301F-11D3-BF4B-00C04F79EFBC}") = "Unity.InternalAPIEngineBridge.001", "Unity.InternalAPIEngineBridge.001.Player.csproj", "{C6C68A4E-2EDB-3711-6206-3F197B24EA53}"
EndProject
Global
	GlobalSection(SolutionConfigurationPlatforms) = preSolution
		Debug|Any CPU = Debug|Any CPU
		Release|Any CPU = Release|Any CPU
	EndGlobalSection
	GlobalSection(ProjectConfigurationPlatforms) = postSolution
		{8B0F4D4E-43A6-C0A0-91B5-467AA59ED9AE}.Debug|Any CPU.ActiveCfg = Debug|Any CPU
		{8B0F4D4E-43A6-C0A0-91B5-467AA59ED9AE}.Debug|Any CPU.Build.0 = Debug|Any CPU
		{8B0F4D4E-43A6-C0A0-91B5-467AA59ED9AE}.Release|Any CPU.ActiveCfg = Release|Any CPU
		{8B0F4D4E-43A6-C0A0-91B5-467AA59ED9AE}.Release|Any CPU.Build.0 = Release|Any CPU
		{CD9E6222-32F8-C413-8726-974267FA5B03}.Debug|Any CPU.ActiveCfg = Debug|Any CPU
		{CD9E6222-32F8-C413-8726-974267FA5B03}.Debug|Any CPU.Build.0 = Debug|Any CPU
		{CD9E6222-32F8-C413-8726-974267FA5B03}.Release|Any CPU.ActiveCfg = Release|Any CPU
		{CD9E6222-32F8-C413-8726-974267FA5B03}.Release|Any CPU.Build.0 = Release|Any CPU
		{5B9BB6CD-1B81-DB94-4708-DEE65A630A13}.Debug|Any CPU.ActiveCfg = Debug|Any CPU
		{5B9BB6CD-1B81-DB94-4708-DEE65A630A13}.Debug|Any CPU.Build.0 = Debug|Any CPU
		{5B9BB6CD-1B81-DB94-4708-DEE65A630A13}.Release|Any CPU.ActiveCfg = Release|Any CPU
		{5B9BB6CD-1B81-DB94-4708-DEE65A630A13}.Release|Any CPU.Build.0 = Release|Any CPU
		{665B0C8B-A043-9829-224C-A41AA6CC19E8}.Debug|Any CPU.ActiveCfg = Debug|Any CPU
		{665B0C8B-A043-9829-224C-A41AA6CC19E8}.Debug|Any CPU.Build.0 = Debug|Any CPU
		{665B0C8B-A043-9829-224C-A41AA6CC19E8}.Release|Any CPU.ActiveCfg = Release|Any CPU
		{665B0C8B-A043-9829-224C-A41AA6CC19E8}.Release|Any CPU.Build.0 = Release|Any CPU
		{0EDEB779-5ADF-C771-827E-A7C597FBAC50}.Debug|Any CPU.ActiveCfg = Debug|Any CPU
		{0EDEB779-5ADF-C771-827E-A7C597FBAC50}.Debug|Any CPU.Build.0 = Debug|Any CPU
		{0EDEB779-5ADF-C771-827E-A7C597FBAC50}.Release|Any CPU.ActiveCfg = Release|Any CPU
		{0EDEB779-5ADF-C771-827E-A7C597FBAC50}.Release|Any CPU.Build.0 = Release|Any CPU
		{6710C441-EB38-A45D-A919-A13E627FB0B3}.Debug|Any CPU.ActiveCfg = Debug|Any CPU
		{6710C441-EB38-A45D-A919-A13E627FB0B3}.Debug|Any CPU.Build.0 = Debug|Any CPU
		{6710C441-EB38-A45D-A919-A13E627FB0B3}.Release|Any CPU.ActiveCfg = Release|Any CPU
		{6710C441-EB38-A45D-A919-A13E627FB0B3}.Release|Any CPU.Build.0 = Release|Any CPU
		{A1B469BD-ECFF-809C-ED35-FB4A5BF970D2}.Debug|Any CPU.ActiveCfg = Debug|Any CPU
		{A1B469BD-ECFF-809C-ED35-FB4A5BF970D2}.Debug|Any CPU.Build.0 = Debug|Any CPU
		{A1B469BD-ECFF-809C-ED35-FB4A5BF970D2}.Release|Any CPU.ActiveCfg = Release|Any CPU
		{A1B469BD-ECFF-809C-ED35-FB4A5BF970D2}.Release|Any CPU.Build.0 = Release|Any CPU
		{B699282A-DA55-2BC2-5029-4D2FDD0A88B3}.Debug|Any CPU.ActiveCfg = Debug|Any CPU
		{B699282A-DA55-2BC2-5029-4D2FDD0A88B3}.Debug|Any CPU.Build.0 = Debug|Any CPU
		{B699282A-DA55-2BC2-5029-4D2FDD0A88B3}.Release|Any CPU.ActiveCfg = Release|Any CPU
		{B699282A-DA55-2BC2-5029-4D2FDD0A88B3}.Release|Any CPU.Build.0 = Release|Any CPU
		{1301E33C-4C92-78EE-A41D-C8271B93B043}.Debug|Any CPU.ActiveCfg = Debug|Any CPU
		{1301E33C-4C92-78EE-A41D-C8271B93B043}.Debug|Any CPU.Build.0 = Debug|Any CPU
		{1301E33C-4C92-78EE-A41D-C8271B93B043}.Release|Any CPU.ActiveCfg = Release|Any CPU
		{1301E33C-4C92-78EE-A41D-C8271B93B043}.Release|Any CPU.Build.0 = Release|Any CPU
		{4B17CA69-82F9-6205-52B3-CA5AE27AD6F1}.Debug|Any CPU.ActiveCfg = Debug|Any CPU
		{4B17CA69-82F9-6205-52B3-CA5AE27AD6F1}.Debug|Any CPU.Build.0 = Debug|Any CPU
		{4B17CA69-82F9-6205-52B3-CA5AE27AD6F1}.Release|Any CPU.ActiveCfg = Release|Any CPU
		{4B17CA69-82F9-6205-52B3-CA5AE27AD6F1}.Release|Any CPU.Build.0 = Release|Any CPU
		{2EDFB15F-3C00-2AE1-B7F9-4BD8053701D4}.Debug|Any CPU.ActiveCfg = Debug|Any CPU
		{2EDFB15F-3C00-2AE1-B7F9-4BD8053701D4}.Debug|Any CPU.Build.0 = Debug|Any CPU
		{2EDFB15F-3C00-2AE1-B7F9-4BD8053701D4}.Release|Any CPU.ActiveCfg = Release|Any CPU
		{2EDFB15F-3C00-2AE1-B7F9-4BD8053701D4}.Release|Any CPU.Build.0 = Release|Any CPU
		{BFF774F4-2111-5DEF-D41F-3685EB34785E}.Debug|Any CPU.ActiveCfg = Debug|Any CPU
		{BFF774F4-2111-5DEF-D41F-3685EB34785E}.Debug|Any CPU.Build.0 = Debug|Any CPU
		{BFF774F4-2111-5DEF-D41F-3685EB34785E}.Release|Any CPU.ActiveCfg = Release|Any CPU
		{BFF774F4-2111-5DEF-D41F-3685EB34785E}.Release|Any CPU.Build.0 = Release|Any CPU
		{8A727138-6F75-6077-4DB9-FC4B935D40C7}.Debug|Any CPU.ActiveCfg = Debug|Any CPU
		{8A727138-6F75-6077-4DB9-FC4B935D40C7}.Debug|Any CPU.Build.0 = Debug|Any CPU
		{8A727138-6F75-6077-4DB9-FC4B935D40C7}.Release|Any CPU.ActiveCfg = Release|Any CPU
		{8A727138-6F75-6077-4DB9-FC4B935D40C7}.Release|Any CPU.Build.0 = Release|Any CPU
		{3176597A-D4F7-814F-99D1-1FB94692A55B}.Debug|Any CPU.ActiveCfg = Debug|Any CPU
		{3176597A-D4F7-814F-99D1-1FB94692A55B}.Debug|Any CPU.Build.0 = Debug|Any CPU
		{3176597A-D4F7-814F-99D1-1FB94692A55B}.Release|Any CPU.ActiveCfg = Release|Any CPU
		{3176597A-D4F7-814F-99D1-1FB94692A55B}.Release|Any CPU.Build.0 = Release|Any CPU
		{26A93607-B1A0-82FC-A76C-D4DEFD72790B}.Debug|Any CPU.ActiveCfg = Debug|Any CPU
		{26A93607-B1A0-82FC-A76C-D4DEFD72790B}.Debug|Any CPU.Build.0 = Debug|Any CPU
		{26A93607-B1A0-82FC-A76C-D4DEFD72790B}.Release|Any CPU.ActiveCfg = Release|Any CPU
		{26A93607-B1A0-82FC-A76C-D4DEFD72790B}.Release|Any CPU.Build.0 = Release|Any CPU
		{6DBD2DCE-A2D8-ED7B-7FF8-2BFD95502DB3}.Debug|Any CPU.ActiveCfg = Debug|Any CPU
		{6DBD2DCE-A2D8-ED7B-7FF8-2BFD95502DB3}.Debug|Any CPU.Build.0 = Debug|Any CPU
		{6DBD2DCE-A2D8-ED7B-7FF8-2BFD95502DB3}.Release|Any CPU.ActiveCfg = Release|Any CPU
		{6DBD2DCE-A2D8-ED7B-7FF8-2BFD95502DB3}.Release|Any CPU.Build.0 = Release|Any CPU
		{A657C447-ABDB-F93F-B79F-B2A622C92978}.Debug|Any CPU.ActiveCfg = Debug|Any CPU
		{A657C447-ABDB-F93F-B79F-B2A622C92978}.Debug|Any CPU.Build.0 = Debug|Any CPU
		{A657C447-ABDB-F93F-B79F-B2A622C92978}.Release|Any CPU.ActiveCfg = Release|Any CPU
		{A657C447-ABDB-F93F-B79F-B2A622C92978}.Release|Any CPU.Build.0 = Release|Any CPU
		{E67EF55E-A3A1-8CD1-78C7-41484E3811ED}.Debug|Any CPU.ActiveCfg = Debug|Any CPU
		{E67EF55E-A3A1-8CD1-78C7-41484E3811ED}.Debug|Any CPU.Build.0 = Debug|Any CPU
		{E67EF55E-A3A1-8CD1-78C7-41484E3811ED}.Release|Any CPU.ActiveCfg = Release|Any CPU
		{E67EF55E-A3A1-8CD1-78C7-41484E3811ED}.Release|Any CPU.Build.0 = Release|Any CPU
		{07B2FC7A-4ECE-BA02-B4E1-4B319AE95571}.Debug|Any CPU.ActiveCfg = Debug|Any CPU
		{07B2FC7A-4ECE-BA02-B4E1-4B319AE95571}.Debug|Any CPU.Build.0 = Debug|Any CPU
		{07B2FC7A-4ECE-BA02-B4E1-4B319AE95571}.Release|Any CPU.ActiveCfg = Release|Any CPU
		{07B2FC7A-4ECE-BA02-B4E1-4B319AE95571}.Release|Any CPU.Build.0 = Release|Any CPU
		{0D697A0F-6A45-8E4F-6269-0DF7AA0FDFE4}.Debug|Any CPU.ActiveCfg = Debug|Any CPU
		{0D697A0F-6A45-8E4F-6269-0DF7AA0FDFE4}.Debug|Any CPU.Build.0 = Debug|Any CPU
		{0D697A0F-6A45-8E4F-6269-0DF7AA0FDFE4}.Release|Any CPU.ActiveCfg = Release|Any CPU
		{0D697A0F-6A45-8E4F-6269-0DF7AA0FDFE4}.Release|Any CPU.Build.0 = Release|Any CPU
		{945D7E66-0F95-391F-F563-4A2784FB8324}.Debug|Any CPU.ActiveCfg = Debug|Any CPU
		{945D7E66-0F95-391F-F563-4A2784FB8324}.Debug|Any CPU.Build.0 = Debug|Any CPU
		{945D7E66-0F95-391F-F563-4A2784FB8324}.Release|Any CPU.ActiveCfg = Release|Any CPU
		{945D7E66-0F95-391F-F563-4A2784FB8324}.Release|Any CPU.Build.0 = Release|Any CPU
		{96274B6A-DD5C-209C-6576-60113BF73728}.Debug|Any CPU.ActiveCfg = Debug|Any CPU
		{96274B6A-DD5C-209C-6576-60113BF73728}.Debug|Any CPU.Build.0 = Debug|Any CPU
		{96274B6A-DD5C-209C-6576-60113BF73728}.Release|Any CPU.ActiveCfg = Release|Any CPU
		{96274B6A-DD5C-209C-6576-60113BF73728}.Release|Any CPU.Build.0 = Release|Any CPU
		{E1E9554E-0F24-A1AE-3ACA-11D270559653}.Debug|Any CPU.ActiveCfg = Debug|Any CPU
		{E1E9554E-0F24-A1AE-3ACA-11D270559653}.Debug|Any CPU.Build.0 = Debug|Any CPU
		{E1E9554E-0F24-A1AE-3ACA-11D270559653}.Release|Any CPU.ActiveCfg = Release|Any CPU
		{E1E9554E-0F24-A1AE-3ACA-11D270559653}.Release|Any CPU.Build.0 = Release|Any CPU
		{9A2CFD46-765E-C7DD-233B-BEF74C3F8979}.Debug|Any CPU.ActiveCfg = Debug|Any CPU
		{9A2CFD46-765E-C7DD-233B-BEF74C3F8979}.Debug|Any CPU.Build.0 = Debug|Any CPU
		{9A2CFD46-765E-C7DD-233B-BEF74C3F8979}.Release|Any CPU.ActiveCfg = Release|Any CPU
		{9A2CFD46-765E-C7DD-233B-BEF74C3F8979}.Release|Any CPU.Build.0 = Release|Any CPU
		{39278520-31C5-5663-CF45-9C536ADEF867}.Debug|Any CPU.ActiveCfg = Debug|Any CPU
		{39278520-31C5-5663-CF45-9C536ADEF867}.Debug|Any CPU.Build.0 = Debug|Any CPU
		{39278520-31C5-5663-CF45-9C536ADEF867}.Release|Any CPU.ActiveCfg = Release|Any CPU
		{39278520-31C5-5663-CF45-9C536ADEF867}.Release|Any CPU.Build.0 = Release|Any CPU
		{93DD231F-47EB-D2C6-121C-314484A1A8E3}.Debug|Any CPU.ActiveCfg = Debug|Any CPU
		{93DD231F-47EB-D2C6-121C-314484A1A8E3}.Debug|Any CPU.Build.0 = Debug|Any CPU
		{93DD231F-47EB-D2C6-121C-314484A1A8E3}.Release|Any CPU.ActiveCfg = Release|Any CPU
		{93DD231F-47EB-D2C6-121C-314484A1A8E3}.Release|Any CPU.Build.0 = Release|Any CPU
		{DC34C431-2FAC-FC30-73BF-6FFCE6E324FF}.Debug|Any CPU.ActiveCfg = Debug|Any CPU
		{DC34C431-2FAC-FC30-73BF-6FFCE6E324FF}.Debug|Any CPU.Build.0 = Debug|Any CPU
		{DC34C431-2FAC-FC30-73BF-6FFCE6E324FF}.Release|Any CPU.ActiveCfg = Release|Any CPU
		{DC34C431-2FAC-FC30-73BF-6FFCE6E324FF}.Release|Any CPU.Build.0 = Release|Any CPU
		{387CE195-EDA1-67E8-046E-53DB627CBAAB}.Debug|Any CPU.ActiveCfg = Debug|Any CPU
		{387CE195-EDA1-67E8-046E-53DB627CBAAB}.Debug|Any CPU.Build.0 = Debug|Any CPU
		{387CE195-EDA1-67E8-046E-53DB627CBAAB}.Release|Any CPU.ActiveCfg = Release|Any CPU
		{387CE195-EDA1-67E8-046E-53DB627CBAAB}.Release|Any CPU.Build.0 = Release|Any CPU
		{2932654C-28E6-FCD1-77CD-3BC5F7A89D42}.Debug|Any CPU.ActiveCfg = Debug|Any CPU
		{2932654C-28E6-FCD1-77CD-3BC5F7A89D42}.Debug|Any CPU.Build.0 = Debug|Any CPU
		{2932654C-28E6-FCD1-77CD-3BC5F7A89D42}.Release|Any CPU.ActiveCfg = Release|Any CPU
		{2932654C-28E6-FCD1-77CD-3BC5F7A89D42}.Release|Any CPU.Build.0 = Release|Any CPU
		{D8777343-459F-4E59-C503-2ECF881EF7C4}.Debug|Any CPU.ActiveCfg = Debug|Any CPU
		{D8777343-459F-4E59-C503-2ECF881EF7C4}.Debug|Any CPU.Build.0 = Debug|Any CPU
		{D8777343-459F-4E59-C503-2ECF881EF7C4}.Release|Any CPU.ActiveCfg = Release|Any CPU
		{D8777343-459F-4E59-C503-2ECF881EF7C4}.Release|Any CPU.Build.0 = Release|Any CPU
		{79DBB664-2809-7DBA-6892-CBD86DBB4E2F}.Debug|Any CPU.ActiveCfg = Debug|Any CPU
		{79DBB664-2809-7DBA-6892-CBD86DBB4E2F}.Debug|Any CPU.Build.0 = Debug|Any CPU
		{79DBB664-2809-7DBA-6892-CBD86DBB4E2F}.Release|Any CPU.ActiveCfg = Release|Any CPU
		{79DBB664-2809-7DBA-6892-CBD86DBB4E2F}.Release|Any CPU.Build.0 = Release|Any CPU
		{B1658680-B822-D00D-506B-12172CA9D6EC}.Debug|Any CPU.ActiveCfg = Debug|Any CPU
		{B1658680-B822-D00D-506B-12172CA9D6EC}.Debug|Any CPU.Build.0 = Debug|Any CPU
		{B1658680-B822-D00D-506B-12172CA9D6EC}.Release|Any CPU.ActiveCfg = Release|Any CPU
		{B1658680-B822-D00D-506B-12172CA9D6EC}.Release|Any CPU.Build.0 = Release|Any CPU
		{E6A3C510-441A-6DFE-1647-8136A754A6FC}.Debug|Any CPU.ActiveCfg = Debug|Any CPU
		{E6A3C510-441A-6DFE-1647-8136A754A6FC}.Debug|Any CPU.Build.0 = Debug|Any CPU
		{E6A3C510-441A-6DFE-1647-8136A754A6FC}.Release|Any CPU.ActiveCfg = Release|Any CPU
		{E6A3C510-441A-6DFE-1647-8136A754A6FC}.Release|Any CPU.Build.0 = Release|Any CPU
		{0764C6E5-A407-2901-4515-68A2E8771E97}.Debug|Any CPU.ActiveCfg = Debug|Any CPU
		{0764C6E5-A407-2901-4515-68A2E8771E97}.Debug|Any CPU.Build.0 = Debug|Any CPU
		{0764C6E5-A407-2901-4515-68A2E8771E97}.Release|Any CPU.ActiveCfg = Release|Any CPU
		{0764C6E5-A407-2901-4515-68A2E8771E97}.Release|Any CPU.Build.0 = Release|Any CPU
		{6EF6809B-BE51-6D5D-8AFA-1ACCE2F8E71E}.Debug|Any CPU.ActiveCfg = Debug|Any CPU
		{6EF6809B-BE51-6D5D-8AFA-1ACCE2F8E71E}.Debug|Any CPU.Build.0 = Debug|Any CPU
		{6EF6809B-BE51-6D5D-8AFA-1ACCE2F8E71E}.Release|Any CPU.ActiveCfg = Release|Any CPU
		{6EF6809B-BE51-6D5D-8AFA-1ACCE2F8E71E}.Release|Any CPU.Build.0 = Release|Any CPU
		{A3A23A9B-71A1-6D5D-136C-0BFE08389B0F}.Debug|Any CPU.ActiveCfg = Debug|Any CPU
		{A3A23A9B-71A1-6D5D-136C-0BFE08389B0F}.Debug|Any CPU.Build.0 = Debug|Any CPU
		{A3A23A9B-71A1-6D5D-136C-0BFE08389B0F}.Release|Any CPU.ActiveCfg = Release|Any CPU
		{A3A23A9B-71A1-6D5D-136C-0BFE08389B0F}.Release|Any CPU.Build.0 = Release|Any CPU
		{EF4BE9C1-4499-82DD-06CF-1C60EA2CACF5}.Debug|Any CPU.ActiveCfg = Debug|Any CPU
		{EF4BE9C1-4499-82DD-06CF-1C60EA2CACF5}.Debug|Any CPU.Build.0 = Debug|Any CPU
		{EF4BE9C1-4499-82DD-06CF-1C60EA2CACF5}.Release|Any CPU.ActiveCfg = Release|Any CPU
		{EF4BE9C1-4499-82DD-06CF-1C60EA2CACF5}.Release|Any CPU.Build.0 = Release|Any CPU
		{033C7567-F6B9-8FC1-93E3-D0F906F1A6CC}.Debug|Any CPU.ActiveCfg = Debug|Any CPU
		{033C7567-F6B9-8FC1-93E3-D0F906F1A6CC}.Debug|Any CPU.Build.0 = Debug|Any CPU
		{033C7567-F6B9-8FC1-93E3-D0F906F1A6CC}.Release|Any CPU.ActiveCfg = Release|Any CPU
		{033C7567-F6B9-8FC1-93E3-D0F906F1A6CC}.Release|Any CPU.Build.0 = Release|Any CPU
		{3BB69833-0F1A-BEC6-E574-D31BAEAF639C}.Debug|Any CPU.ActiveCfg = Debug|Any CPU
		{3BB69833-0F1A-BEC6-E574-D31BAEAF639C}.Debug|Any CPU.Build.0 = Debug|Any CPU
		{3BB69833-0F1A-BEC6-E574-D31BAEAF639C}.Release|Any CPU.ActiveCfg = Release|Any CPU
		{3BB69833-0F1A-BEC6-E574-D31BAEAF639C}.Release|Any CPU.Build.0 = Release|Any CPU
		{963DED97-D2D6-94C4-0370-012E69504587}.Debug|Any CPU.ActiveCfg = Debug|Any CPU
		{963DED97-D2D6-94C4-0370-012E69504587}.Debug|Any CPU.Build.0 = Debug|Any CPU
		{963DED97-D2D6-94C4-0370-012E69504587}.Release|Any CPU.ActiveCfg = Release|Any CPU
		{963DED97-D2D6-94C4-0370-012E69504587}.Release|Any CPU.Build.0 = Release|Any CPU
		{F6CF6D32-4370-8B28-0FCB-A1258CCA93F3}.Debug|Any CPU.ActiveCfg = Debug|Any CPU
		{F6CF6D32-4370-8B28-0FCB-A1258CCA93F3}.Debug|Any CPU.Build.0 = Debug|Any CPU
		{F6CF6D32-4370-8B28-0FCB-A1258CCA93F3}.Release|Any CPU.ActiveCfg = Release|Any CPU
		{F6CF6D32-4370-8B28-0FCB-A1258CCA93F3}.Release|Any CPU.Build.0 = Release|Any CPU
		{CDBFB8CD-C73F-B9CD-3A2D-D83CF0915BFB}.Debug|Any CPU.ActiveCfg = Debug|Any CPU
		{CDBFB8CD-C73F-B9CD-3A2D-D83CF0915BFB}.Debug|Any CPU.Build.0 = Debug|Any CPU
		{CDBFB8CD-C73F-B9CD-3A2D-D83CF0915BFB}.Release|Any CPU.ActiveCfg = Release|Any CPU
		{CDBFB8CD-C73F-B9CD-3A2D-D83CF0915BFB}.Release|Any CPU.Build.0 = Release|Any CPU
		{3EC196B4-DC53-3423-688B-4AFF6C3CCE14}.Debug|Any CPU.ActiveCfg = Debug|Any CPU
		{3EC196B4-DC53-3423-688B-4AFF6C3CCE14}.Debug|Any CPU.Build.0 = Debug|Any CPU
		{3EC196B4-DC53-3423-688B-4AFF6C3CCE14}.Release|Any CPU.ActiveCfg = Release|Any CPU
		{3EC196B4-DC53-3423-688B-4AFF6C3CCE14}.Release|Any CPU.Build.0 = Release|Any CPU
		{F8C0EFEC-4EF4-4FC3-848F-1FC5E325C58D}.Debug|Any CPU.ActiveCfg = Debug|Any CPU
		{F8C0EFEC-4EF4-4FC3-848F-1FC5E325C58D}.Debug|Any CPU.Build.0 = Debug|Any CPU
		{F8C0EFEC-4EF4-4FC3-848F-1FC5E325C58D}.Release|Any CPU.ActiveCfg = Release|Any CPU
		{F8C0EFEC-4EF4-4FC3-848F-1FC5E325C58D}.Release|Any CPU.Build.0 = Release|Any CPU
		{B9466413-CEDD-8B00-A520-D5C561686EA6}.Debug|Any CPU.ActiveCfg = Debug|Any CPU
		{B9466413-CEDD-8B00-A520-D5C561686EA6}.Debug|Any CPU.Build.0 = Debug|Any CPU
		{B9466413-CEDD-8B00-A520-D5C561686EA6}.Release|Any CPU.ActiveCfg = Release|Any CPU
		{B9466413-CEDD-8B00-A520-D5C561686EA6}.Release|Any CPU.Build.0 = Release|Any CPU
		{3E21502C-1B29-B435-DFE1-0D2B42BA73EE}.Debug|Any CPU.ActiveCfg = Debug|Any CPU
		{3E21502C-1B29-B435-DFE1-0D2B42BA73EE}.Debug|Any CPU.Build.0 = Debug|Any CPU
		{3E21502C-1B29-B435-DFE1-0D2B42BA73EE}.Release|Any CPU.ActiveCfg = Release|Any CPU
		{3E21502C-1B29-B435-DFE1-0D2B42BA73EE}.Release|Any CPU.Build.0 = Release|Any CPU
		{A9CFA6B7-B80E-1588-F932-47E182D033D3}.Debug|Any CPU.ActiveCfg = Debug|Any CPU
		{A9CFA6B7-B80E-1588-F932-47E182D033D3}.Debug|Any CPU.Build.0 = Debug|Any CPU
		{A9CFA6B7-B80E-1588-F932-47E182D033D3}.Release|Any CPU.ActiveCfg = Release|Any CPU
		{A9CFA6B7-B80E-1588-F932-47E182D033D3}.Release|Any CPU.Build.0 = Release|Any CPU
		{1A4B4C42-7C68-1B43-D5B1-40B728CA2431}.Debug|Any CPU.ActiveCfg = Debug|Any CPU
		{1A4B4C42-7C68-1B43-D5B1-40B728CA2431}.Debug|Any CPU.Build.0 = Debug|Any CPU
		{1A4B4C42-7C68-1B43-D5B1-40B728CA2431}.Release|Any CPU.ActiveCfg = Release|Any CPU
		{1A4B4C42-7C68-1B43-D5B1-40B728CA2431}.Release|Any CPU.Build.0 = Release|Any CPU
		{30D91E65-9952-192B-2D7B-423C10EF1686}.Debug|Any CPU.ActiveCfg = Debug|Any CPU
		{30D91E65-9952-192B-2D7B-423C10EF1686}.Debug|Any CPU.Build.0 = Debug|Any CPU
		{30D91E65-9952-192B-2D7B-423C10EF1686}.Release|Any CPU.ActiveCfg = Release|Any CPU
		{30D91E65-9952-192B-2D7B-423C10EF1686}.Release|Any CPU.Build.0 = Release|Any CPU
		{7C98E596-BCF3-0160-9FC0-2467535ED3FC}.Debug|Any CPU.ActiveCfg = Debug|Any CPU
		{7C98E596-BCF3-0160-9FC0-2467535ED3FC}.Debug|Any CPU.Build.0 = Debug|Any CPU
		{7C98E596-BCF3-0160-9FC0-2467535ED3FC}.Release|Any CPU.ActiveCfg = Release|Any CPU
		{7C98E596-BCF3-0160-9FC0-2467535ED3FC}.Release|Any CPU.Build.0 = Release|Any CPU
		{9E68E2EC-50FB-3EB4-C2AE-502114C273F0}.Debug|Any CPU.ActiveCfg = Debug|Any CPU
		{9E68E2EC-50FB-3EB4-C2AE-502114C273F0}.Debug|Any CPU.Build.0 = Debug|Any CPU
		{9E68E2EC-50FB-3EB4-C2AE-502114C273F0}.Release|Any CPU.ActiveCfg = Release|Any CPU
		{9E68E2EC-50FB-3EB4-C2AE-502114C273F0}.Release|Any CPU.Build.0 = Release|Any CPU
		{E7E18CAE-7222-C267-563E-5DA8ED4C1B32}.Debug|Any CPU.ActiveCfg = Debug|Any CPU
		{E7E18CAE-7222-C267-563E-5DA8ED4C1B32}.Debug|Any CPU.Build.0 = Debug|Any CPU
		{E7E18CAE-7222-C267-563E-5DA8ED4C1B32}.Release|Any CPU.ActiveCfg = Release|Any CPU
		{E7E18CAE-7222-C267-563E-5DA8ED4C1B32}.Release|Any CPU.Build.0 = Release|Any CPU
		{871FA4CE-C795-EA88-0F06-BB8027B5AE22}.Debug|Any CPU.ActiveCfg = Debug|Any CPU
		{871FA4CE-C795-EA88-0F06-BB8027B5AE22}.Debug|Any CPU.Build.0 = Debug|Any CPU
		{871FA4CE-C795-EA88-0F06-BB8027B5AE22}.Release|Any CPU.ActiveCfg = Release|Any CPU
		{871FA4CE-C795-EA88-0F06-BB8027B5AE22}.Release|Any CPU.Build.0 = Release|Any CPU
		{2C850058-CBC3-B12B-1CDF-4B836FBFD904}.Debug|Any CPU.ActiveCfg = Debug|Any CPU
		{2C850058-CBC3-B12B-1CDF-4B836FBFD904}.Debug|Any CPU.Build.0 = Debug|Any CPU
		{2C850058-CBC3-B12B-1CDF-4B836FBFD904}.Release|Any CPU.ActiveCfg = Release|Any CPU
		{2C850058-CBC3-B12B-1CDF-4B836FBFD904}.Release|Any CPU.Build.0 = Release|Any CPU
		{FBAF162B-D589-1022-7683-4145FF4E49C8}.Debug|Any CPU.ActiveCfg = Debug|Any CPU
		{FBAF162B-D589-1022-7683-4145FF4E49C8}.Debug|Any CPU.Build.0 = Debug|Any CPU
		{FBAF162B-D589-1022-7683-4145FF4E49C8}.Release|Any CPU.ActiveCfg = Release|Any CPU
		{FBAF162B-D589-1022-7683-4145FF4E49C8}.Release|Any CPU.Build.0 = Release|Any CPU
		{1A6A511D-03E0-CD1D-C7DC-81FE7A537913}.Debug|Any CPU.ActiveCfg = Debug|Any CPU
		{1A6A511D-03E0-CD1D-C7DC-81FE7A537913}.Debug|Any CPU.Build.0 = Debug|Any CPU
		{1A6A511D-03E0-CD1D-C7DC-81FE7A537913}.Release|Any CPU.ActiveCfg = Release|Any CPU
		{1A6A511D-03E0-CD1D-C7DC-81FE7A537913}.Release|Any CPU.Build.0 = Release|Any CPU
		{F709CEA3-6FE8-0097-7DF7-6386D6E7A7B2}.Debug|Any CPU.ActiveCfg = Debug|Any CPU
		{F709CEA3-6FE8-0097-7DF7-6386D6E7A7B2}.Debug|Any CPU.Build.0 = Debug|Any CPU
		{F709CEA3-6FE8-0097-7DF7-6386D6E7A7B2}.Release|Any CPU.ActiveCfg = Release|Any CPU
		{F709CEA3-6FE8-0097-7DF7-6386D6E7A7B2}.Release|Any CPU.Build.0 = Release|Any CPU
		{31687B38-6B2D-C64F-53FC-711DB85F53A7}.Debug|Any CPU.ActiveCfg = Debug|Any CPU
		{31687B38-6B2D-C64F-53FC-711DB85F53A7}.Debug|Any CPU.Build.0 = Debug|Any CPU
		{31687B38-6B2D-C64F-53FC-711DB85F53A7}.Release|Any CPU.ActiveCfg = Release|Any CPU
		{31687B38-6B2D-C64F-53FC-711DB85F53A7}.Release|Any CPU.Build.0 = Release|Any CPU
		{1B0F6830-BFD9-012E-1DF8-DC3E7932DE4E}.Debug|Any CPU.ActiveCfg = Debug|Any CPU
		{1B0F6830-BFD9-012E-1DF8-DC3E7932DE4E}.Debug|Any CPU.Build.0 = Debug|Any CPU
		{1B0F6830-BFD9-012E-1DF8-DC3E7932DE4E}.Release|Any CPU.ActiveCfg = Release|Any CPU
		{1B0F6830-BFD9-012E-1DF8-DC3E7932DE4E}.Release|Any CPU.Build.0 = Release|Any CPU
		{2AD5CAC7-FB8B-0C6C-F55E-47ABFF4D645E}.Debug|Any CPU.ActiveCfg = Debug|Any CPU
		{2AD5CAC7-FB8B-0C6C-F55E-47ABFF4D645E}.Debug|Any CPU.Build.0 = Debug|Any CPU
		{2AD5CAC7-FB8B-0C6C-F55E-47ABFF4D645E}.Release|Any CPU.ActiveCfg = Release|Any CPU
		{2AD5CAC7-FB8B-0C6C-F55E-47ABFF4D645E}.Release|Any CPU.Build.0 = Release|Any CPU
		{CD5BB672-BB4A-1287-BA1F-43542D7A9886}.Debug|Any CPU.ActiveCfg = Debug|Any CPU
		{CD5BB672-BB4A-1287-BA1F-43542D7A9886}.Debug|Any CPU.Build.0 = Debug|Any CPU
		{CD5BB672-BB4A-1287-BA1F-43542D7A9886}.Release|Any CPU.ActiveCfg = Release|Any CPU
		{CD5BB672-BB4A-1287-BA1F-43542D7A9886}.Release|Any CPU.Build.0 = Release|Any CPU
		{0C48BD13-F47E-EFAB-BC51-C67E1F08EF6F}.Debug|Any CPU.ActiveCfg = Debug|Any CPU
		{0C48BD13-F47E-EFAB-BC51-C67E1F08EF6F}.Debug|Any CPU.Build.0 = Debug|Any CPU
		{0C48BD13-F47E-EFAB-BC51-C67E1F08EF6F}.Release|Any CPU.ActiveCfg = Release|Any CPU
		{0C48BD13-F47E-EFAB-BC51-C67E1F08EF6F}.Release|Any CPU.Build.0 = Release|Any CPU
		{335EE9A5-63C4-F12C-3772-AA6BCF35F0F8}.Debug|Any CPU.ActiveCfg = Debug|Any CPU
		{335EE9A5-63C4-F12C-3772-AA6BCF35F0F8}.Debug|Any CPU.Build.0 = Debug|Any CPU
		{335EE9A5-63C4-F12C-3772-AA6BCF35F0F8}.Release|Any CPU.ActiveCfg = Release|Any CPU
		{335EE9A5-63C4-F12C-3772-AA6BCF35F0F8}.Release|Any CPU.Build.0 = Release|Any CPU
		{2084DEDC-AE6D-B9A4-0EF4-517502A72206}.Debug|Any CPU.ActiveCfg = Debug|Any CPU
		{2084DEDC-AE6D-B9A4-0EF4-517502A72206}.Debug|Any CPU.Build.0 = Debug|Any CPU
		{2084DEDC-AE6D-B9A4-0EF4-517502A72206}.Release|Any CPU.ActiveCfg = Release|Any CPU
		{2084DEDC-AE6D-B9A4-0EF4-517502A72206}.Release|Any CPU.Build.0 = Release|Any CPU
		{5D93362B-3338-852A-6392-EB6F4E77B9D6}.Debug|Any CPU.ActiveCfg = Debug|Any CPU
		{5D93362B-3338-852A-6392-EB6F4E77B9D6}.Debug|Any CPU.Build.0 = Debug|Any CPU
		{5D93362B-3338-852A-6392-EB6F4E77B9D6}.Release|Any CPU.ActiveCfg = Release|Any CPU
		{5D93362B-3338-852A-6392-EB6F4E77B9D6}.Release|Any CPU.Build.0 = Release|Any CPU
		{F8B6E26D-8851-1B9D-E216-EF249EA7983A}.Debug|Any CPU.ActiveCfg = Debug|Any CPU
		{F8B6E26D-8851-1B9D-E216-EF249EA7983A}.Debug|Any CPU.Build.0 = Debug|Any CPU
		{F8B6E26D-8851-1B9D-E216-EF249EA7983A}.Release|Any CPU.ActiveCfg = Release|Any CPU
		{F8B6E26D-8851-1B9D-E216-EF249EA7983A}.Release|Any CPU.Build.0 = Release|Any CPU
		{3D5C0508-2445-09B2-9F8C-685F87C9DCBA}.Debug|Any CPU.ActiveCfg = Debug|Any CPU
		{3D5C0508-2445-09B2-9F8C-685F87C9DCBA}.Debug|Any CPU.Build.0 = Debug|Any CPU
		{3D5C0508-2445-09B2-9F8C-685F87C9DCBA}.Release|Any CPU.ActiveCfg = Release|Any CPU
		{3D5C0508-2445-09B2-9F8C-685F87C9DCBA}.Release|Any CPU.Build.0 = Release|Any CPU
		{D5EFF2A2-131C-25B1-6DC8-41414C509F15}.Debug|Any CPU.ActiveCfg = Debug|Any CPU
		{D5EFF2A2-131C-25B1-6DC8-41414C509F15}.Debug|Any CPU.Build.0 = Debug|Any CPU
		{D5EFF2A2-131C-25B1-6DC8-41414C509F15}.Release|Any CPU.ActiveCfg = Release|Any CPU
		{D5EFF2A2-131C-25B1-6DC8-41414C509F15}.Release|Any CPU.Build.0 = Release|Any CPU
		{3537AEAA-E1B0-BE99-C287-BEF733052440}.Debug|Any CPU.ActiveCfg = Debug|Any CPU
		{3537AEAA-E1B0-BE99-C287-BEF733052440}.Debug|Any CPU.Build.0 = Debug|Any CPU
		{3537AEAA-E1B0-BE99-C287-BEF733052440}.Release|Any CPU.ActiveCfg = Release|Any CPU
		{3537AEAA-E1B0-BE99-C287-BEF733052440}.Release|Any CPU.Build.0 = Release|Any CPU
		{C997A2E8-132C-6B24-0075-80B411B6FA1D}.Debug|Any CPU.ActiveCfg = Debug|Any CPU
		{C997A2E8-132C-6B24-0075-80B411B6FA1D}.Debug|Any CPU.Build.0 = Debug|Any CPU
		{C997A2E8-132C-6B24-0075-80B411B6FA1D}.Release|Any CPU.ActiveCfg = Release|Any CPU
		{C997A2E8-132C-6B24-0075-80B411B6FA1D}.Release|Any CPU.Build.0 = Release|Any CPU
		{FC3D708B-2050-A6FC-06E9-979C1B118924}.Debug|Any CPU.ActiveCfg = Debug|Any CPU
		{FC3D708B-2050-A6FC-06E9-979C1B118924}.Debug|Any CPU.Build.0 = Debug|Any CPU
		{FC3D708B-2050-A6FC-06E9-979C1B118924}.Release|Any CPU.ActiveCfg = Release|Any CPU
		{FC3D708B-2050-A6FC-06E9-979C1B118924}.Release|Any CPU.Build.0 = Release|Any CPU
		{28C3DEA3-3E52-9EBF-0FBD-30B96888EBD8}.Debug|Any CPU.ActiveCfg = Debug|Any CPU
		{28C3DEA3-3E52-9EBF-0FBD-30B96888EBD8}.Debug|Any CPU.Build.0 = Debug|Any CPU
		{28C3DEA3-3E52-9EBF-0FBD-30B96888EBD8}.Release|Any CPU.ActiveCfg = Release|Any CPU
		{28C3DEA3-3E52-9EBF-0FBD-30B96888EBD8}.Release|Any CPU.Build.0 = Release|Any CPU
		{5EBE9970-BF3F-4FFF-5F77-E336D9C322B8}.Debug|Any CPU.ActiveCfg = Debug|Any CPU
		{5EBE9970-BF3F-4FFF-5F77-E336D9C322B8}.Debug|Any CPU.Build.0 = Debug|Any CPU
		{5EBE9970-BF3F-4FFF-5F77-E336D9C322B8}.Release|Any CPU.ActiveCfg = Release|Any CPU
		{5EBE9970-BF3F-4FFF-5F77-E336D9C322B8}.Release|Any CPU.Build.0 = Release|Any CPU
		{BA0BB2F1-59E4-790A-2508-5DBF14D85BAB}.Debug|Any CPU.ActiveCfg = Debug|Any CPU
		{BA0BB2F1-59E4-790A-2508-5DBF14D85BAB}.Debug|Any CPU.Build.0 = Debug|Any CPU
		{BA0BB2F1-59E4-790A-2508-5DBF14D85BAB}.Release|Any CPU.ActiveCfg = Release|Any CPU
		{BA0BB2F1-59E4-790A-2508-5DBF14D85BAB}.Release|Any CPU.Build.0 = Release|Any CPU
		{C6C68A4E-2EDB-3711-6206-3F197B24EA53}.Debug|Any CPU.ActiveCfg = Debug|Any CPU
		{C6C68A4E-2EDB-3711-6206-3F197B24EA53}.Debug|Any CPU.Build.0 = Debug|Any CPU
		{C6C68A4E-2EDB-3711-6206-3F197B24EA53}.Release|Any CPU.ActiveCfg = Release|Any CPU
		{C6C68A4E-2EDB-3711-6206-3F197B24EA53}.Release|Any CPU.Build.0 = Release|Any CPU
	EndGlobalSection
	GlobalSection(SolutionProperties) = preSolution
		HideSolutionNode = FALSE
	EndGlobalSection
EndGlobal
